
Microsoft Visual Studio Solution File, Format Version 12.00
# Visual Studio Version 16
VisualStudioVersion = 16.0.31702.278
MinimumVisualStudioVersion = 10.0.40219.1
Project("{FAE04EC0-301F-11D3-BF4B-00C04F79EFBC}") = "Avtomivka", "Avtomivka\Avtomivka.csproj", "{DE4B9DBE-351C-4CBD-A09D-9A6A0F705A56}"
EndProject
Global
	GlobalSection(SolutionConfigurationPlatforms) = preSolution
		Debug|Any CPU = Debug|Any CPU
		Release|Any CPU = Release|Any CPU
	EndGlobalSection
	GlobalSection(ProjectConfigurationPlatforms) = postSolution
		{DE4B9DBE-351C-4CBD-A09D-9A6A0F705A56}.Debug|Any CPU.ActiveCfg = Debug|Any CPU
		{DE4B9DBE-351C-4CBD-A09D-9A6A0F705A56}.Debug|Any CPU.Build.0 = Debug|Any CPU
		{DE4B9DBE-351C-4CBD-A09D-9A6A0F705A56}.Release|Any CPU.ActiveCfg = Release|Any CPU
		{DE4B9DBE-351C-4CBD-A09D-9A6A0F705A56}.Release|Any CPU.Build.0 = Release|Any CPU
	EndGlobalSection
	GlobalSection(SolutionProperties) = preSolution
		HideSolutionNode = FALSE
	EndGlobalSection
	GlobalSection(ExtensibilityGlobals) = postSolution
		SolutionGuid = {088A3FB9-79CB-4754-BE45-1CF38973F3BC}
	EndGlobalSection
EndGlobal
